
Microsoft Visual Studio Solution File, Format Version 12.00
# Visual Studio Version 16
VisualStudioVersion = 16.0.31005.135
MinimumVisualStudioVersion = 10.0.40219.1
Project("{FAE04EC0-301F-11D3-BF4B-00C04F79EFBC}") = "CLassStat", "CLassStat\CLassStat.csproj", "{DCD687BD-A8F9-4A8A-80CE-D003355A8461}"
EndProject
Global
	GlobalSection(SolutionConfigurationPlatforms) = preSolution
		Debug|Any CPU = Debug|Any CPU
		Release|Any CPU = Release|Any CPU
	EndGlobalSection
	GlobalSection(ProjectConfigurationPlatforms) = postSolution
		{DCD687BD-A8F9-4A8A-80CE-D003355A8461}.Debug|Any CPU.ActiveCfg = Debug|Any CPU
		{DCD687BD-A8F9-4A8A-80CE-D003355A8461}.Debug|Any CPU.Build.0 = Debug|Any CPU
		{DCD687BD-A8F9-4A8A-80CE-D003355A8461}.Release|Any CPU.ActiveCfg = Release|Any CPU
		{DCD687BD-A8F9-4A8A-80CE-D003355A8461}.Release|Any CPU.Build.0 = Release|Any CPU
	EndGlobalSection
	GlobalSection(SolutionProperties) = preSolution
		HideSolutionNode = FALSE
	EndGlobalSection
	GlobalSection(ExtensibilityGlobals) = postSolution
		SolutionGuid = {209499D4-E699-44BE-A5E5-568CD1DE41A2}
	EndGlobalSection
EndGlobal
